
Microsoft Visual Studio Solution File, Format Version 12.00
# Visual Studio Version 17
VisualStudioVersion = 17.12.35527.113 d17.12
MinimumVisualStudioVersion = 10.0.40219.1
Project("{FAE04EC0-301F-11D3-BF4B-00C04F79EFBC}") = "Potato", "Potato\Potato.csproj", "{23E3A08F-8EAD-478A-918F-DA6333A4DD29}"
	ProjectSection(ProjectDependencies) = postProject
		{63516DC9-66A3-4790-99B6-8D4FFCF84377} = {63516DC9-66A3-4790-99B6-8D4FFCF84377}
	EndProjectSection
EndProject
Project("{FAE04EC0-301F-11D3-BF4B-00C04F79EFBC}") = "Potato.DbContext", "Potato.DbContext\Potato.DbContext.csproj", "{63516DC9-66A3-4790-99B6-8D4FFCF84377}"
EndProject
Global
	GlobalSection(SolutionConfigurationPlatforms) = preSolution
		Debug|Any CPU = Debug|Any CPU
		Release|Any CPU = Release|Any CPU
	EndGlobalSection
	GlobalSection(ProjectConfigurationPlatforms) = postSolution
		{23E3A08F-8EAD-478A-918F-DA6333A4DD29}.Debug|Any CPU.ActiveCfg = Debug|Any CPU
		{23E3A08F-8EAD-478A-918F-DA6333A4DD29}.Debug|Any CPU.Build.0 = Debug|Any CPU
		{23E3A08F-8EAD-478A-918F-DA6333A4DD29}.Release|Any CPU.ActiveCfg = Release|Any CPU
		{23E3A08F-8EAD-478A-918F-DA6333A4DD29}.Release|Any CPU.Build.0 = Release|Any CPU
		{63516DC9-66A3-4790-99B6-8D4FFCF84377}.Debug|Any CPU.ActiveCfg = Debug|Any CPU
		{63516DC9-66A3-4790-99B6-8D4FFCF84377}.Debug|Any CPU.Build.0 = Debug|Any CPU
		{63516DC9-66A3-4790-99B6-8D4FFCF84377}.Release|Any CPU.ActiveCfg = Release|Any CPU
		{63516DC9-66A3-4790-99B6-8D4FFCF84377}.Release|Any CPU.Build.0 = Release|Any CPU
	EndGlobalSection
	GlobalSection(SolutionProperties) = preSolution
		HideSolutionNode = FALSE
	EndGlobalSection
EndGlobal
